
Microsoft Visual Studio Solution File, Format Version 12.00
# Visual Studio Version 17
VisualStudioVersion = 17.4.33213.308
MinimumVisualStudioVersion = 10.0.40219.1
Project("{FAE04EC0-301F-11D3-BF4B-00C04F79EFBC}") = "LandmarkAI", "LandmarkAI\LandmarkAI.csproj", "{B2C5EDE6-7F2E-4660-A891-A5F8F32B528E}"
EndProject
Global
	GlobalSection(SolutionConfigurationPlatforms) = preSolution
		Debug|Any CPU = Debug|Any CPU
		Release|Any CPU = Release|Any CPU
	EndGlobalSection
	GlobalSection(ProjectConfigurationPlatforms) = postSolution
		{B2C5EDE6-7F2E-4660-A891-A5F8F32B528E}.Debug|Any CPU.ActiveCfg = Debug|Any CPU
		{B2C5EDE6-7F2E-4660-A891-A5F8F32B528E}.Debug|Any CPU.Build.0 = Debug|Any CPU
		{B2C5EDE6-7F2E-4660-A891-A5F8F32B528E}.Release|Any CPU.ActiveCfg = Release|Any CPU
		{B2C5EDE6-7F2E-4660-A891-A5F8F32B528E}.Release|Any CPU.Build.0 = Release|Any CPU
	EndGlobalSection
	GlobalSection(SolutionProperties) = preSolution
		HideSolutionNode = FALSE
	EndGlobalSection
	GlobalSection(ExtensibilityGlobals) = postSolution
		SolutionGuid = {4C496714-4779-4DB2-8176-DB616C1AC1E1}
	EndGlobalSection
EndGlobal
